# This file is automatically @generated by Poetry 2.2.1 and should not be changed by hand.

[[package]]
name = "pydentic"
version = "0.0.1.dev3"
description = "Pydantic Identifiers"
optional = false
python-versions = ">=3.6.1"
groups = ["main"]
files = [
    {file = "pydentic-0.0.1.dev3-py3-none-any.whl", hash = "sha256:b37f690f262e02e781deae8588a411c596489bc2837701fbb5e8c59b31b4236e"},
    {file = "pydentic-0.0.1.dev3.tar.gz", hash = "sha256:4c5ee9c260e3cbcdb2a2d725b1d98046cb2b5298e6d6154449a685cf4cca85ec"},
]

[package.dependencies]
python-stdnum = ">=1.16"

[package.extras]
dev = ["flake8"]
test = ["pydantic", "pytest"]

[[package]]
name = "python-dotenv"
version = "1.2.1"
description = "Read key-value pairs from a .env file and set them as environment variables"
optional = false
python-versions = ">=3.9"
groups = ["main"]
files = [
    {file = "python_dotenv-1.2.1-py3-none-any.whl", hash = "sha256:b81ee9561e9ca4004139c6cbba3a238c32b03e4894671e181b671e8cb8425d61"},
    {file = "python_dotenv-1.2.1.tar.gz", hash = "sha256:42667e897e16ab0d66954af0e60a9caa94f0fd4ecf3aaf6d2d260eec1aa36ad6"},
]

[package.extras]
cli = ["click (>=5.0)"]

[[package]]
name = "python-stdnum"
version = "2.1"
description = "Python module to handle standardized numbers and codes"
optional = false
python-versions = ">=3.8"
groups = ["main"]
files = [
    {file = "python_stdnum-2.1-py3-none-any.whl", hash = "sha256:25eabcf5f307dd4150fd8f1c03f4512a6caeb84c9f09be1448711f5803373c58"},
    {file = "python_stdnum-2.1.tar.gz", hash = "sha256:6b01645969eb3dfd55061a0114d593753cd9e653cea9083198b7eea12644397a"},
]

[package.extras]
soap = ["zeep"]

[metadata]
lock-version = "2.1"
python-versions = ">=3.11,<3.12"
content-hash = "13647debdb555dd447e7368b2f2e50352bf7b7a397082dddeed9620cf6fc93af"
